// !$*UTF8*$!
{
	archiveVersion = 1;
	classes = {
	};
	objectVersion = 56;
	objects = {

/* Begin PBXBuildFile section */
		11B28DEC296E9DBC0040B2D7 /* AppDelegate.swift in Sources */ = {isa = PBXBuildFile; fileRef = 11B28DEB296E9DBC0040B2D7 /* AppDelegate.swift */; };
		11B28DEE296E9DBC0040B2D7 /* SceneDelegate.swift in Sources */ = {isa = PBXBuildFile; fileRef = 11B28DED296E9DBC0040B2D7 /* SceneDelegate.swift */; };
		11B28DF0296E9DBC0040B2D7 /* ViewController.swift in Sources */ = {isa = PBXBuildFile; fileRef = 11B28DEF296E9DBC0040B2D7 /* ViewController.swift */; };
		11B28DF3296E9DBC0040B2D7 /* Main.storyboard in Resources */ = {isa = PBXBuildFile; fileRef = 11B28DF1296E9DBC0040B2D7 /* Main.storyboard */; };
		11B28DF5296E9DBE0040B2D7 /* Assets.xcassets in Resources */ = {isa = PBXBuildFile; fileRef = 11B28DF4296E9DBE0040B2D7 /* Assets.xcassets */; };
		11B28DF8296E9DBE0040B2D7 /* LaunchScreen.storyboard in Resources */ = {isa = PBXBuildFile; fileRef = 11B28DF6296E9DBE0040B2D7 /* LaunchScreen.storyboard */; };
		11B28E03296E9DBE0040B2D7 /* week4Tests.swift in Sources */ = {isa = PBXBuildFile; fileRef = 11B28E02296E9DBE0040B2D7 /* week4Tests.swift */; };
		11B28E0D296E9DBE0040B2D7 /* week4UITests.swift in Sources */ = {isa = PBXBuildFile; fileRef = 11B28E0C296E9DBE0040B2D7 /* week4UITests.swift */; };
		11B28E0F296E9DBE0040B2D7 /* week4UITestsLaunchTests.swift in Sources */ = {isa = PBXBuildFile; fileRef = 11B28E0E296E9DBE0040B2D7 /* week4UITestsLaunchTests.swift */; };
		11B28E1D296EAED40040B2D7 /* pickedDIceCell.swift in Sources */ = {isa = PBXBuildFile; fileRef = 11B28E1B296EAED40040B2D7 /* pickedDIceCell.swift */; };
		11B28E1E296EAED40040B2D7 /* pickedDIceCell.xib in Resources */ = {isa = PBXBuildFile; fileRef = 11B28E1C296EAED40040B2D7 /* pickedDIceCell.xib */; };
/* End PBXBuildFile section */

/* Begin PBXContainerItemProxy section */
		11B28DFF296E9DBE0040B2D7 /* PBXContainerItemProxy */ = {
			isa = PBXContainerItemProxy;
			containerPortal = 11B28DE0296E9DBC0040B2D7 /* Project object */;
			proxyType = 1;
			remoteGlobalIDString = 11B28DE7296E9DBC0040B2D7;
			remoteInfo = week4;
		};
		11B28E09296E9DBE0040B2D7 /* PBXContainerItemProxy */ = {
			isa = PBXContainerItemProxy;
			containerPortal = 11B28DE0296E9DBC0040B2D7 /* Project object */;
			proxyType = 1;
			remoteGlobalIDString = 11B28DE7296E9DBC0040B2D7;
			remoteInfo = week4;
		};
/* End PBXContainerItemProxy section */

/* Begin PBXFileReference section */
		11B28DE8296E9DBC0040B2D7 /* week4.app */ = {isa = PBXFileReference; explicitFileType = wrapper.application; includeInIndex = 0; path = week4.app; sourceTree = BUILT_PRODUCTS_DIR; };
		11B28DEB296E9DBC0040B2D7 /* AppDelegate.swift */ = {isa = PBXFileReference; lastKnownFileType = sourcecode.swift; path = AppDelegate.swift; sourceTree = "<group>"; };
		11B28DED296E9DBC0040B2D7 /* SceneDelegate.swift */ = {isa = PBXFileReference; lastKnownFileType = sourcecode.swift; path = SceneDelegate.swift; sourceTree = "<group>"; };
		11B28DEF296E9DBC0040B2D7 /* ViewController.swift */ = {isa = PBXFileReference; lastKnownFileType = sourcecode.swift; path = ViewController.swift; sourceTree = "<group>"; };
		11B28DF2296E9DBC0040B2D7 /* Base */ = {isa = PBXFileReference; lastKnownFileType = file.storyboard; name = Base; path = Base.lproj/Main.storyboard; sourceTree = "<group>"; };
		11B28DF4296E9DBE0040B2D7 /* Assets.xcassets */ = {isa = PBXFileReference; lastKnownFileType = folder.assetcatalog; path = Assets.xcassets; sourceTree = "<group>"; };
		11B28DF7296E9DBE0040B2D7 /* Base */ = {isa = PBXFileReference; lastKnownFileType = file.storyboard; name = Base; path = Base.lproj/LaunchScreen.storyboard; sourceTree = "<group>"; };
		11B28DF9296E9DBE0040B2D7 /* Info.plist */ = {isa = PBXFileReference; lastKnownFileType = text.plist.xml; path = Info.plist; sourceTree = "<group>"; };
		11B28DFE296E9DBE0040B2D7 /* week4Tests.xctest */ = {isa = PBXFileReference; explicitFileType = wrapper.cfbundle; includeInIndex = 0; path = week4Tests.xctest; sourceTree = BUILT_PRODUCTS_DIR; };
		11B28E02296E9DBE0040B2D7 /* week4Tests.swift */ = {isa = PBXFileReference; lastKnownFileType = sourcecode.swift; path = week4Tests.swift; sourceTree = "<group>"; };
		11B28E08296E9DBE0040B2D7 /* week4UITests.xctest */ = {isa = PBXFileReference; explicitFileType = wrapper.cfbundle; includeInIndex = 0; path = week4UITests.xctest; sourceTree = BUILT_PRODUCTS_DIR; };
		11B28E0C296E9DBE0040B2D7 /* week4UITests.swift */ = {isa = PBXFileReference; lastKnownFileType = sourcecode.swift; path = week4UITests.swift; sourceTree = "<group>"; };
		11B28E0E296E9DBE0040B2D7 /* week4UITestsLaunchTests.swift */ = {isa = PBXFileReference; lastKnownFileType = sourcecode.swift; path = week4UITestsLaunchTests.swift; sourceTree = "<group>"; };
		11B28E1B296EAED40040B2D7 /* pickedDIceCell.swift */ = {isa = PBXFileReference; lastKnownFileType = sourcecode.swift; path = pickedDIceCell.swift; sourceTree = "<group>"; };
		11B28E1C296EAED40040B2D7 /* pickedDIceCell.xib */ = {isa = PBXFileReference; lastKnownFileType = file.xib; path = pickedDIceCell.xib; sourceTree = "<group>"; };
/* End PBXFileReference section */

/* Begin PBXFrameworksBuildPhase section */
		11B28DE5296E9DBC0040B2D7 /* Frameworks */ = {
			isa = PBXFrameworksBuildPhase;
			buildActionMask = 2147483647;
			files = (
			);
			runOnlyForDeploymentPostprocessing = 0;
		};
		11B28DFB296E9DBE0040B2D7 /* Frameworks */ = {
			isa = PBXFrameworksBuildPhase;
			buildActionMask = 2147483647;
			files = (
			);
			runOnlyForDeploymentPostprocessing = 0;
		};
		11B28E05296E9DBE0040B2D7 /* Frameworks */ = {
			isa = PBXFrameworksBuildPhase;
			buildActionMask = 2147483647;
			files = (
			);
			runOnlyForDeploymentPostprocessing = 0;
		};
/* End PBXFrameworksBuildPhase section */

/* Begin PBXGroup section */
		11B28DDF296E9DBC0040B2D7 = {
			isa = PBXGroup;
			children = (
				11B28DEA296E9DBC0040B2D7 /* week4 */,
				11B28E01296E9DBE0040B2D7 /* week4Tests */,
				11B28E0B296E9DBE0040B2D7 /* week4UITests */,
				11B28DE9296E9DBC0040B2D7 /* Products */,
			);
			sourceTree = "<group>";
		};
		11B28DE9296E9DBC0040B2D7 /* Products */ = {
			isa = PBXGroup;
			children = (
				11B28DE8296E9DBC0040B2D7 /* week4.app */,
				11B28DFE296E9DBE0040B2D7 /* week4Tests.xctest */,
				11B28E08296E9DBE0040B2D7 /* week4UITests.xctest */,
			);
			name = Products;
			sourceTree = "<group>";
		};
		11B28DEA296E9DBC0040B2D7 /* week4 */ = {
			isa = PBXGroup;
			children = (
				11B28DEB296E9DBC0040B2D7 /* AppDelegate.swift */,
				11B28DED296E9DBC0040B2D7 /* SceneDelegate.swift */,
				11B28DEF296E9DBC0040B2D7 /* ViewController.swift */,
				11B28DF1296E9DBC0040B2D7 /* Main.storyboard */,
				11B28DF4296E9DBE0040B2D7 /* Assets.xcassets */,
				11B28DF6296E9DBE0040B2D7 /* LaunchScreen.storyboard */,
				11B28DF9296E9DBE0040B2D7 /* Info.plist */,
				11B28E1B296EAED40040B2D7 /* pickedDIceCell.swift */,
				11B28E1C296EAED40040B2D7 /* pickedDIceCell.xib */,
			);
			path = week4;
			sourceTree = "<group>";
		};
		11B28E01296E9DBE0040B2D7 /* week4Tests */ = {
			isa = PBXGroup;
			children = (
				11B28E02296E9DBE0040B2D7 /* week4Tests.swift */,
			);
			path = week4Tests;
			sourceTree = "<group>";
		};
		11B28E0B296E9DBE0040B2D7 /* week4UITests */ = {
			isa = PBXGroup;
			children = (
				11B28E0C296E9DBE0040B2D7 /* week4UITests.swift */,
				11B28E0E296E9DBE0040B2D7 /* week4UITestsLaunchTests.swift */,
			);
			path = week4UITests;
			sourceTree = "<group>";
		};
/* End PBXGroup section */

/* Begin PBXNativeTarget section */
		11B28DE7296E9DBC0040B2D7 /* week4 */ = {
			isa = PBXNativeTarget;
			buildConfigurationList = 11B28E12296E9DBE0040B2D7 /* Build configuration list for PBXNativeTarget "week4" */;
			buildPhases = (
				11B28DE4296E9DBC0040B2D7 /* Sources */,
				11B28DE5296E9DBC0040B2D7 /* Frameworks */,
				11B28DE6296E9DBC0040B2D7 /* Resources */,
			);
			buildRules = (
			);
			dependencies = (
			);
			name = week4;
			productName = week4;
			productReference = 11B28DE8296E9DBC0040B2D7 /* week4.app */;
			productType = "com.apple.product-type.application";
		};
		11B28DFD296E9DBE0040B2D7 /* week4Tests */ = {
			isa = PBXNativeTarget;
			buildConfigurationList = 11B28E15296E9DBE0040B2D7 /* Build configuration list for PBXNativeTarget "week4Tests" */;
			buildPhases = (
				11B28DFA296E9DBE0040B2D7 /* Sources */,
				11B28DFB296E9DBE0040B2D7 /* Frameworks */,
				11B28DFC296E9DBE0040B2D7 /* Resources */,
			);
			buildRules = (
			);
			dependencies = (
				11B28E00296E9DBE0040B2D7 /* PBXTargetDependency */,
			);
			name = week4Tests;
			productName = week4Tests;
			productReference = 11B28DFE296E9DBE0040B2D7 /* week4Tests.xctest */;
			productType = "com.apple.product-type.bundle.unit-test";
		};
		11B28E07296E9DBE0040B2D7 /* week4UITests */ = {
			isa = PBXNativeTarget;
			buildConfigurationList = 11B28E18296E9DBE0040B2D7 /* Build configuration list for PBXNativeTarget "week4UITests" */;
			buildPhases = (
				11B28E04296E9DBE0040B2D7 /* Sources */,
				11B28E05296E9DBE0040B2D7 /* Frameworks */,
				11B28E06296E9DBE0040B2D7 /* Resources */,
			);
			buildRules = (
			);
			dependencies = (
				11B28E0A296E9DBE0040B2D7 /* PBXTargetDependency */,
			);
			name = week4UITests;
			productName = week4UITests;
			productReference = 11B28E08296E9DBE0040B2D7 /* week4UITests.xctest */;
			productType = "com.apple.product-type.bundle.ui-testing";
		};
/* End PBXNativeTarget section */

/* Begin PBXProject section */
		11B28DE0296E9DBC0040B2D7 /* Project object */ = {
			isa = PBXProject;
			attributes = {
				BuildIndependentTargetsInParallel = 1;
				LastSwiftUpdateCheck = 1420;
				LastUpgradeCheck = 1420;
				TargetAttributes = {
					11B28DE7296E9DBC0040B2D7 = {
						CreatedOnToolsVersion = 14.2;
					};
					11B28DFD296E9DBE0040B2D7 = {
						CreatedOnToolsVersion = 14.2;
						TestTargetID = 11B28DE7296E9DBC0040B2D7;
					};
					11B28E07296E9DBE0040B2D7 = {
						CreatedOnToolsVersion = 14.2;
						TestTargetID = 11B28DE7296E9DBC0040B2D7;
					};
				};
			};
			buildConfigurationList = 11B28DE3296E9DBC0040B2D7 /* Build configuration list for PBXProject "week4" */;
			compatibilityVersion = "Xcode 14.0";
			developmentRegion = en;
			hasScannedForEncodings = 0;
			knownRegions = (
				en,
				Base,
			);
			mainGroup = 11B28DDF296E9DBC0040B2D7;
			productRefGroup = 11B28DE9296E9DBC0040B2D7 /* Products */;
			projectDirPath = "";
			projectRoot = "";
			targets = (
				11B28DE7296E9DBC0040B2D7 /* week4 */,
				11B28DFD296E9DBE0040B2D7 /* week4Tests */,
				11B28E07296E9DBE0040B2D7 /* week4UITests */,
			);
		};
/* End PBXProject section */

/* Begin PBXResourcesBuildPhase section */
		11B28DE6296E9DBC0040B2D7 /* Resources */ = {
			isa = PBXResourcesBuildPhase;
			buildActionMask = 2147483647;
			files = (
				11B28E1E296EAED40040B2D7 /* pickedDIceCell.xib in Resources */,
				11B28DF8296E9DBE0040B2D7 /* LaunchScreen.storyboard in Resources */,
				11B28DF5296E9DBE0040B2D7 /* Assets.xcassets in Resources */,
				11B28DF3296E9DBC0040B2D7 /* Main.storyboard in Resources */,
			);
			runOnlyForDeploymentPostprocessing = 0;
		};
		11B28DFC296E9DBE0040B2D7 /* Resources */ = {
			isa = PBXResourcesBuildPhase;
			buildActionMask = 2147483647;
			files = (
			);
			runOnlyForDeploymentPostprocessing = 0;
		};
		11B28E06296E9DBE0040B2D7 /* Resources */ = {
			isa = PBXResourcesBuildPhase;
			buildActionMask = 2147483647;
			files = (
			);
			runOnlyForDeploymentPostprocessing = 0;
		};
/* End PBXResourcesBuildPhase section */

/* Begin PBXSourcesBuildPhase section */
		11B28DE4296E9DBC0040B2D7 /* Sources */ = {
			isa = PBXSourcesBuildPhase;
			buildActionMask = 2147483647;
			files = (
				11B28E1D296EAED40040B2D7 /* pickedDIceCell.swift in Sources */,
				11B28DF0296E9DBC0040B2D7 /* ViewController.swift in Sources */,
				11B28DEC296E9DBC0040B2D7 /* AppDelegate.swift in Sources */,
				11B28DEE296E9DBC0040B2D7 /* SceneDelegate.swift in Sources */,
			);
			runOnlyForDeploymentPostprocessing = 0;
		};
		11B28DFA296E9DBE0040B2D7 /* Sources */ = {
			isa = PBXSourcesBuildPhase;
			buildActionMask = 2147483647;
			files = (
				11B28E03296E9DBE0040B2D7 /* week4Tests.swift in Sources */,
			);
			runOnlyForDeploymentPostprocessing = 0;
		};
		11B28E04296E9DBE0040B2D7 /* Sources */ = {
			isa = PBXSourcesBuildPhase;
			buildActionMask = 2147483647;
			files = (
				11B28E0D296E9DBE0040B2D7 /* week4UITests.swift in Sources */,
				11B28E0F296E9DBE0040B2D7 /* week4UITestsLaunchTests.swift in Sources */,
			);
			runOnlyForDeploymentPostprocessing = 0;
		};
/* End PBXSourcesBuildPhase section */

/* Begin PBXTargetDependency section */
		11B28E00296E9DBE0040B2D7 /* PBXTargetDependency */ = {
			isa = PBXTargetDependency;
			target = 11B28DE7296E9DBC0040B2D7 /* week4 */;
			targetProxy = 11B28DFF296E9DBE0040B2D7 /* PBXContainerItemProxy */;
		};
		11B28E0A296E9DBE0040B2D7 /* PBXTargetDependency */ = {
			isa = PBXTargetDependency;
			target = 11B28DE7296E9DBC0040B2D7 /* week4 */;
			targetProxy = 11B28E09296E9DBE0040B2D7 /* PBXContainerItemProxy */;
		};
/* End PBXTargetDependency section */

/* Begin PBXVariantGroup section */
		11B28DF1296E9DBC0040B2D7 /* Main.storyboard */ = {
			isa = PBXVariantGroup;
			children = (
				11B28DF2296E9DBC0040B2D7 /* Base */,
			);
			name = Main.storyboard;
			sourceTree = "<group>";
		};
		11B28DF6296E9DBE0040B2D7 /* LaunchScreen.storyboard */ = {
			isa = PBXVariantGroup;
			children = (
				11B28DF7296E9DBE0040B2D7 /* Base */,
			);
			name = LaunchScreen.storyboard;
			sourceTree = "<group>";
		};
/* End PBXVariantGroup section */

/* Begin XCBuildConfiguration section */
		11B28E10296E9DBE0040B2D7 /* Debug */ = {
			isa = XCBuildConfiguration;
			buildSettings = {
				ALWAYS_SEARCH_USER_PATHS = NO;
				CLANG_ANALYZER_NONNULL = YES;
				CLANG_ANALYZER_NUMBER_OBJECT_CONVERSION = YES_AGGRESSIVE;
				CLANG_CXX_LANGUAGE_STANDARD = "gnu++20";
				CLANG_ENABLE_MODULES = YES;
				CLANG_ENABLE_OBJC_ARC = YES;
				CLANG_ENABLE_OBJC_WEAK = YES;
				CLANG_WARN_BLOCK_CAPTURE_AUTORELEASING = YES;
				CLANG_WARN_BOOL_CONVERSION = YES;
				CLANG_WARN_COMMA = YES;
				CLANG_WARN_CONSTANT_CONVERSION = YES;
				CLANG_WARN_DEPRECATED_OBJC_IMPLEMENTATIONS = YES;
				CLANG_WARN_DIRECT_OBJC_ISA_USAGE = YES_ERROR;
				CLANG_WARN_DOCUMENTATION_COMMENTS = YES;
				CLANG_WARN_EMPTY_BODY = YES;
				CLANG_WARN_ENUM_CONVERSION = YES;
				CLANG_WARN_INFINITE_RECURSION = YES;
				CLANG_WARN_INT_CONVERSION = YES;
				CLANG_WARN_NON_LITERAL_NULL_CONVERSION = YES;
				CLANG_WARN_OBJC_IMPLICIT_RETAIN_SELF = YES;
				CLANG_WARN_OBJC_LITERAL_CONVERSION = YES;
				CLANG_WARN_OBJC_ROOT_CLASS = YES_ERROR;
				CLANG_WARN_QUOTED_INCLUDE_IN_FRAMEWORK_HEADER = YES;
				CLANG_WARN_RANGE_LOOP_ANALYSIS = YES;
				CLANG_WARN_STRICT_PROTOTYPES = YES;
				CLANG_WARN_SUSPICIOUS_MOVE = YES;
				CLANG_WARN_UNGUARDED_AVAILABILITY = YES_AGGRESSIVE;
				CLANG_WARN_UNREACHABLE_CODE = YES;
				CLANG_WARN__DUPLICATE_METHOD_MATCH = YES;
				COPY_PHASE_STRIP = NO;
				DEBUG_INFORMATION_FORMAT = dwarf;
				ENABLE_STRICT_OBJC_MSGSEND = YES;
				ENABLE_TESTABILITY = YES;
				GCC_C_LANGUAGE_STANDARD = gnu11;
				GCC_DYNAMIC_NO_PIC = NO;
				GCC_NO_COMMON_BLOCKS = YES;
				GCC_OPTIMIZATION_LEVEL = 0;
				GCC_PREPROCESSOR_DEFINITIONS = (
					"DEBUG=1",
					"$(inherited)",
				);
				GCC_WARN_64_TO_32_BIT_CONVERSION = YES;
				GCC_WARN_ABOUT_RETURN_TYPE = YES_ERROR;
				GCC_WARN_UNDECLARED_SELECTOR = YES;
				GCC_WARN_UNINITIALIZED_AUTOS = YES_AGGRESSIVE;
				GCC_WARN_UNUSED_FUNCTION = YES;
				GCC_WARN_UNUSED_VARIABLE = YES;
				IPHONEOS_DEPLOYMENT_TARGET = 16.2;
				MTL_ENABLE_DEBUG_INFO = INCLUDE_SOURCE;
				MTL_FAST_MATH = YES;
				ONLY_ACTIVE_ARCH = YES;
				SDKROOT = iphoneos;
				SWIFT_ACTIVE_COMPILATION_CONDITIONS = DEBUG;
				SWIFT_OPTIMIZATION_LEVEL = "-Onone";
			};
			name = Debug;
		};
		11B28E11296E9DBE0040B2D7 /* Release */ = {
			isa = XCBuildConfiguration;
			buildSettings = {
				ALWAYS_SEARCH_USER_PATHS = NO;
				CLANG_ANALYZER_NONNULL = YES;
				CLANG_ANALYZER_NUMBER_OBJECT_CONVERSION = YES_AGGRESSIVE;
				CLANG_CXX_LANGUAGE_STANDARD = "gnu++20";
				CLANG_ENABLE_MODULES = YES;
				CLANG_ENABLE_OBJC_ARC = YES;
				CLANG_ENABLE_OBJC_WEAK = YES;
				CLANG_WARN_BLOCK_CAPTURE_AUTORELEASING = YES;
				CLANG_WARN_BOOL_CONVERSION = YES;
				CLANG_WARN_COMMA = YES;
				CLANG_WARN_CONSTANT_CONVERSION = YES;
				CLANG_WARN_DEPRECATED_OBJC_IMPLEMENTATIONS = YES;
				CLANG_WARN_DIRECT_OBJC_ISA_USAGE = YES_ERROR;
				CLANG_WARN_DOCUMENTATION_COMMENTS = YES;
				CLANG_WARN_EMPTY_BODY = YES;
				CLANG_WARN_ENUM_CONVERSION = YES;
				CLANG_WARN_INFINITE_RECURSION = YES;
				CLANG_WARN_INT_CONVERSION = YES;
				CLANG_WARN_NON_LITERAL_NULL_CONVERSION = YES;
				CLANG_WARN_OBJC_IMPLICIT_RETAIN_SELF = YES;
				CLANG_WARN_OBJC_LITERAL_CONVERSION = YES;
				CLANG_WARN_OBJC_ROOT_CLASS = YES_ERROR;
				CLANG_WARN_QUOTED_INCLUDE_IN_FRAMEWORK_HEADER = YES;
				CLANG_WARN_RANGE_LOOP_ANALYSIS = YES;
				CLANG_WARN_STRICT_PROTOTYPES = YES;
				CLANG_WARN_SUSPICIOUS_MOVE = YES;
				CLANG_WARN_UNGUARDED_AVAILABILITY = YES_AGGRESSIVE;
				CLANG_WARN_UNREACHABLE_CODE = YES;
				CLANG_WARN__DUPLICATE_METHOD_MATCH = YES;
				COPY_PHASE_STRIP = NO;
				DEBUG_INFORMATION_FORMAT = "dwarf-with-dsym";
				ENABLE_NS_ASSERTIONS = NO;
				ENABLE_STRICT_OBJC_MSGSEND = YES;
				GCC_C_LANGUAGE_STANDARD = gnu11;
				GCC_NO_COMMON_BLOCKS = YES;
				GCC_WARN_64_TO_32_BIT_CONVERSION = YES;
				GCC_WARN_ABOUT_RETURN_TYPE = YES_ERROR;
				GCC_WARN_UNDECLARED_SELECTOR = YES;
				GCC_WARN_UNINITIALIZED_AUTOS = YES_AGGRESSIVE;
				GCC_WARN_UNUSED_FUNCTION = YES;
				GCC_WARN_UNUSED_VARIABLE = YES;
				IPHONEOS_DEPLOYMENT_TARGET = 16.2;
				MTL_ENABLE_DEBUG_INFO = NO;
				MTL_FAST_MATH = YES;
				SDKROOT = iphoneos;
				SWIFT_COMPILATION_MODE = wholemodule;
				SWIFT_OPTIMIZATION_LEVEL = "-O";
				VALIDATE_PRODUCT = YES;
			};
			name = Release;
		};
		11B28E13296E9DBE0040B2D7 /* Debug */ = {
			isa = XCBuildConfiguration;
			buildSettings = {
				ASSETCATALOG_COMPILER_APPICON_NAME = AppIcon;
				ASSETCATALOG_COMPILER_GLOBAL_ACCENT_COLOR_NAME = AccentColor;
				CODE_SIGN_STYLE = Automatic;
				CURRENT_PROJECT_VERSION = 1;
				DEVELOPMENT_TEAM = W43DLLFB4Q;
				GENERATE_INFOPLIST_FILE = YES;
				INFOPLIST_FILE = week4/Info.plist;
				INFOPLIST_KEY_UIApplicationSupportsIndirectInputEvents = YES;
				INFOPLIST_KEY_UILaunchStoryboardName = LaunchScreen;
				INFOPLIST_KEY_UIMainStoryboardFile = Main;
				INFOPLIST_KEY_UISupportedInterfaceOrientations_iPad = "UIInterfaceOrientationPortrait UIInterfaceOrientationPortraitUpsideDown UIInterfaceOrientationLandscapeLeft UIInterfaceOrientationLandscapeRight";
				INFOPLIST_KEY_UISupportedInterfaceOrientations_iPhone = "UIInterfaceOrientationPortrait UIInterfaceOrientationLandscapeLeft UIInterfaceOrientationLandscapeRight";
				LD_RUNPATH_SEARCH_PATHS = (
					"$(inherited)",
					"@executable_path/Frameworks",
				);
				MARKETING_VERSION = 1.0;
				PRODUCT_BUNDLE_IDENTIFIER = com.rising.week4;
				PRODUCT_NAME = "$(TARGET_NAME)";
				SWIFT_EMIT_LOC_STRINGS = YES;
				SWIFT_VERSION = 5.0;
				TARGETED_DEVICE_FAMILY = "1,2";
			};
			name = Debug;
		};
		11B28E14296E9DBE0040B2D7 /* Release */ = {
			isa = XCBuildConfiguration;
			buildSettings = {
				ASSETCATALOG_COMPILER_APPICON_NAME = AppIcon;
				ASSETCATALOG_COMPILER_GLOBAL_ACCENT_COLOR_NAME = AccentColor;
				CODE_SIGN_STYLE = Automatic;
				CURRENT_PROJECT_VERSION = 1;
				DEVELOPMENT_TEAM = W43DLLFB4Q;
				GENERATE_INFOPLIST_FILE = YES;
				INFOPLIST_FILE = week4/Info.plist;
				INFOPLIST_KEY_UIApplicationSupportsIndirectInputEvents = YES;
				INFOPLIST_KEY_UILaunchStoryboardName = LaunchScreen;
				INFOPLIST_KEY_UIMainStoryboardFile = Main;
				INFOPLIST_KEY_UISupportedInterfaceOrientations_iPad = "UIInterfaceOrientationPortrait UIInterfaceOrientationPortraitUpsideDown UIInterfaceOrientationLandscapeLeft UIInterfaceOrientationLandscapeRight";
				INFOPLIST_KEY_UISupportedInterfaceOrientations_iPhone = "UIInterfaceOrientationPortrait UIInterfaceOrientationLandscapeLeft UIInterfaceOrientationLandscapeRight";
				LD_RUNPATH_SEARCH_PATHS = (
					"$(inherited)",
					"@executable_path/Frameworks",
				);
				MARKETING_VERSION = 1.0;
				PRODUCT_BUNDLE_IDENTIFIER = com.rising.week4;
				PRODUCT_NAME = "$(TARGET_NAME)";
				SWIFT_EMIT_LOC_STRINGS = YES;
				SWIFT_VERSION = 5.0;
				TARGETED_DEVICE_FAMILY = "1,2";
			};
			name = Release;
		};
		11B28E16296E9DBE0040B2D7 /* Debug */ = {
			isa = XCBuildConfiguration;
			buildSettings = {
				ALWAYS_EMBED_SWIFT_STANDARD_LIBRARIES = YES;
				BUNDLE_LOADER = "$(TEST_HOST)";
				CODE_SIGN_STYLE = Automatic;
				CURRENT_PROJECT_VERSION = 1;
				DEVELOPMENT_TEAM = W43DLLFB4Q;
				GENERATE_INFOPLIST_FILE = YES;
				IPHONEOS_DEPLOYMENT_TARGET = 16.2;
				MARKETING_VERSION = 1.0;
				PRODUCT_BUNDLE_IDENTIFIER = com.rising.week4Tests;
				PRODUCT_NAME = "$(TARGET_NAME)";
				SWIFT_EMIT_LOC_STRINGS = NO;
				SWIFT_VERSION = 5.0;
				TARGETED_DEVICE_FAMILY = "1,2";
				TEST_HOST = "$(BUILT_PRODUCTS_DIR)/week4.app/$(BUNDLE_EXECUTABLE_FOLDER_PATH)/week4";
			};
			name = Debug;
		};
		11B28E17296E9DBE0040B2D7 /* Release */ = {
			isa = XCBuildConfiguration;
			buildSettings = {
				ALWAYS_EMBED_SWIFT_STANDARD_LIBRARIES = YES;
				BUNDLE_LOADER = "$(TEST_HOST)";
				CODE_SIGN_STYLE = Automatic;
				CURRENT_PROJECT_VERSION = 1;
				DEVELOPMENT_TEAM = W43DLLFB4Q;
				GENERATE_INFOPLIST_FILE = YES;
				IPHONEOS_DEPLOYMENT_TARGET = 16.2;
				MARKETING_VERSION = 1.0;
				PRODUCT_BUNDLE_IDENTIFIER = com.rising.week4Tests;
				PRODUCT_NAME = "$(TARGET_NAME)";
				SWIFT_EMIT_LOC_STRINGS = NO;
				SWIFT_VERSION = 5.0;
				TARGETED_DEVICE_FAMILY = "1,2";
				TEST_HOST = "$(BUILT_PRODUCTS_DIR)/week4.app/$(BUNDLE_EXECUTABLE_FOLDER_PATH)/week4";
			};
			name = Release;
		};
		11B28E19296E9DBE0040B2D7 /* Debug */ = {
			isa = XCBuildConfiguration;
			buildSettings = {
				ALWAYS_EMBED_SWIFT_STANDARD_LIBRARIES = YES;
				CODE_SIGN_STYLE = Automatic;
				CURRENT_PROJECT_VERSION = 1;
				DEVELOPMENT_TEAM = W43DLLFB4Q;
				GENERATE_INFOPLIST_FILE = YES;
				MARKETING_VERSION = 1.0;
				PRODUCT_BUNDLE_IDENTIFIER = com.rising.week4UITests;
				PRODUCT_NAME = "$(TARGET_NAME)";
				SWIFT_EMIT_LOC_STRINGS = NO;
				SWIFT_VERSION = 5.0;
				TARGETED_DEVICE_FAMILY = "1,2";
				TEST_TARGET_NAME = week4;
			};
			name = Debug;
		};
		11B28E1A296E9DBE0040B2D7 /* Release */ = {
			isa = XCBuildConfiguration;
			buildSettings = {
				ALWAYS_EMBED_SWIFT_STANDARD_LIBRARIES = YES;
				CODE_SIGN_STYLE = Automatic;
				CURRENT_PROJECT_VERSION = 1;
				DEVELOPMENT_TEAM = W43DLLFB4Q;
				GENERATE_INFOPLIST_FILE = YES;
				MARKETING_VERSION = 1.0;
				PRODUCT_BUNDLE_IDENTIFIER = com.rising.week4UITests;
				PRODUCT_NAME = "$(TARGET_NAME)";
				SWIFT_EMIT_LOC_STRINGS = NO;
				SWIFT_VERSION = 5.0;
				TARGETED_DEVICE_FAMILY = "1,2";
				TEST_TARGET_NAME = week4;
			};
			name = Release;
		};
/* End XCBuildConfiguration section */

/* Begin XCConfigurationList section */
		11B28DE3296E9DBC0040B2D7 /* Build configuration list for PBXProject "week4" */ = {
			isa = XCConfigurationList;
			buildConfigurations = (
				11B28E10296E9DBE0040B2D7 /* Debug */,
				11B28E11296E9DBE0040B2D7 /* Release */,
			);
			defaultConfigurationIsVisible = 0;
			defaultConfigurationName = Release;
		};
		11B28E12296E9DBE0040B2D7 /* Build configuration list for PBXNativeTarget "week4" */ = {
			isa = XCConfigurationList;
			buildConfigurations = (
				11B28E13296E9DBE0040B2D7 /* Debug */,
				11B28E14296E9DBE0040B2D7 /* Release */,
			);
			defaultConfigurationIsVisible = 0;
			defaultConfigurationName = Release;
		};
		11B28E15296E9DBE0040B2D7 /* Build configuration list for PBXNativeTarget "week4Tests" */ = {
			isa = XCConfigurationList;
			buildConfigurations = (
				11B28E16296E9DBE0040B2D7 /* Debug */,
				11B28E17296E9DBE0040B2D7 /* Release */,
			);
			defaultConfigurationIsVisible = 0;
			defaultConfigurationName = Release;
		};
		11B28E18296E9DBE0040B2D7 /* Build configuration list for PBXNativeTarget "week4UITests" */ = {
			isa = XCConfigurationList;
			buildConfigurations = (
				11B28E19296E9DBE0040B2D7 /* Debug */,
				11B28E1A296E9DBE0040B2D7 /* Release */,
			);
			defaultConfigurationIsVisible = 0;
			defaultConfigurationName = Release;
		};
/* End XCConfigurationList section */
	};
	rootObject = 11B28DE0296E9DBC0040B2D7 /* Project object */;
}
